
Microsoft Visual Studio Solution File, Format Version 12.00
# Visual Studio Version 17
VisualStudioVersion = 17.0.31903.59
MinimumVisualStudioVersion = 10.0.40219.1
Project("{FAE04EC0-301F-11D3-BF4B-00C04F79EFBC}") = "LeetCode.Problem0733", "LeetCode.Problem0733\LeetCode.Problem0733.csproj", "{E63DAAA1-A3A5-461C-8E40-7D3122D1112F}"
EndProject
Project("{FAE04EC0-301F-11D3-BF4B-00C04F79EFBC}") = "LeetCode.Problem0225", "LeetCode.Problem0225\LeetCode.Problem0225.csproj", "{554553D8-BE6D-41B5-9ED6-4471F5E88F9D}"
EndProject
Project("{FAE04EC0-301F-11D3-BF4B-00C04F79EFBC}") = "LeetCode.Problem0232", "LeetCode.Problem0232\LeetCode.Problem0232.csproj", "{61BE4C87-43FF-4179-91B5-F3640824E602}"
EndProject
Project("{FAE04EC0-301F-11D3-BF4B-00C04F79EFBC}") = "LeetCode.Problem0744", "LeetCode.Problem0744\LeetCode.Problem0744.csproj", "{21B84D89-834F-4F52-A143-C0C9B0F5168A}"
EndProject
Global
	GlobalSection(SolutionProperties) = preSolution
		HideSolutionNode = FALSE
	EndGlobalSection
	GlobalSection(SolutionConfigurationPlatforms) = preSolution
		Debug|Any CPU = Debug|Any CPU
		Debug|x64 = Debug|x64
		Debug|x86 = Debug|x86
		Release|Any CPU = Release|Any CPU
		Release|x64 = Release|x64
		Release|x86 = Release|x86
	EndGlobalSection
	GlobalSection(ProjectConfigurationPlatforms) = postSolution
		{E63DAAA1-A3A5-461C-8E40-7D3122D1112F}.Debug|Any CPU.ActiveCfg = Debug|Any CPU
		{E63DAAA1-A3A5-461C-8E40-7D3122D1112F}.Debug|Any CPU.Build.0 = Debug|Any CPU
		{E63DAAA1-A3A5-461C-8E40-7D3122D1112F}.Debug|x64.ActiveCfg = Debug|Any CPU
		{E63DAAA1-A3A5-461C-8E40-7D3122D1112F}.Debug|x64.Build.0 = Debug|Any CPU
		{E63DAAA1-A3A5-461C-8E40-7D3122D1112F}.Debug|x86.ActiveCfg = Debug|Any CPU
		{E63DAAA1-A3A5-461C-8E40-7D3122D1112F}.Debug|x86.Build.0 = Debug|Any CPU
		{E63DAAA1-A3A5-461C-8E40-7D3122D1112F}.Release|Any CPU.ActiveCfg = Release|Any CPU
		{E63DAAA1-A3A5-461C-8E40-7D3122D1112F}.Release|Any CPU.Build.0 = Release|Any CPU
		{E63DAAA1-A3A5-461C-8E40-7D3122D1112F}.Release|x64.ActiveCfg = Release|Any CPU
		{E63DAAA1-A3A5-461C-8E40-7D3122D1112F}.Release|x64.Build.0 = Release|Any CPU
		{E63DAAA1-A3A5-461C-8E40-7D3122D1112F}.Release|x86.ActiveCfg = Release|Any CPU
		{E63DAAA1-A3A5-461C-8E40-7D3122D1112F}.Release|x86.Build.0 = Release|Any CPU
		{554553D8-BE6D-41B5-9ED6-4471F5E88F9D}.Debug|Any CPU.ActiveCfg = Debug|Any CPU
		{554553D8-BE6D-41B5-9ED6-4471F5E88F9D}.Debug|Any CPU.Build.0 = Debug|Any CPU
		{554553D8-BE6D-41B5-9ED6-4471F5E88F9D}.Debug|x64.ActiveCfg = Debug|Any CPU
		{554553D8-BE6D-41B5-9ED6-4471F5E88F9D}.Debug|x64.Build.0 = Debug|Any CPU
		{554553D8-BE6D-41B5-9ED6-4471F5E88F9D}.Debug|x86.ActiveCfg = Debug|Any CPU
		{554553D8-BE6D-41B5-9ED6-4471F5E88F9D}.Debug|x86.Build.0 = Debug|Any CPU
		{554553D8-BE6D-41B5-9ED6-4471F5E88F9D}.Release|Any CPU.ActiveCfg = Release|Any CPU
		{554553D8-BE6D-41B5-9ED6-4471F5E88F9D}.Release|Any CPU.Build.0 = Release|Any CPU
		{554553D8-BE6D-41B5-9ED6-4471F5E88F9D}.Release|x64.ActiveCfg = Release|Any CPU
		{554553D8-BE6D-41B5-9ED6-4471F5E88F9D}.Release|x64.Build.0 = Release|Any CPU
		{554553D8-BE6D-41B5-9ED6-4471F5E88F9D}.Release|x86.ActiveCfg = Release|Any CPU
		{554553D8-BE6D-41B5-9ED6-4471F5E88F9D}.Release|x86.Build.0 = Release|Any CPU
		{61BE4C87-43FF-4179-91B5-F3640824E602}.Debug|Any CPU.ActiveCfg = Debug|Any CPU
		{61BE4C87-43FF-4179-91B5-F3640824E602}.Debug|Any CPU.Build.0 = Debug|Any CPU
		{61BE4C87-43FF-4179-91B5-F3640824E602}.Debug|x64.ActiveCfg = Debug|Any CPU
		{61BE4C87-43FF-4179-91B5-F3640824E602}.Debug|x64.Build.0 = Debug|Any CPU
		{61BE4C87-43FF-4179-91B5-F3640824E602}.Debug|x86.ActiveCfg = Debug|Any CPU
		{61BE4C87-43FF-4179-91B5-F3640824E602}.Debug|x86.Build.0 = Debug|Any CPU
		{61BE4C87-43FF-4179-91B5-F3640824E602}.Release|Any CPU.ActiveCfg = Release|Any CPU
		{61BE4C87-43FF-4179-91B5-F3640824E602}.Release|Any CPU.Build.0 = Release|Any CPU
		{61BE4C87-43FF-4179-91B5-F3640824E602}.Release|x64.ActiveCfg = Release|Any CPU
		{61BE4C87-43FF-4179-91B5-F3640824E602}.Release|x64.Build.0 = Release|Any CPU
		{61BE4C87-43FF-4179-91B5-F3640824E602}.Release|x86.ActiveCfg = Release|Any CPU
		{61BE4C87-43FF-4179-91B5-F3640824E602}.Release|x86.Build.0 = Release|Any CPU
		{21B84D89-834F-4F52-A143-C0C9B0F5168A}.Debug|Any CPU.ActiveCfg = Debug|Any CPU
		{21B84D89-834F-4F52-A143-C0C9B0F5168A}.Debug|Any CPU.Build.0 = Debug|Any CPU
		{21B84D89-834F-4F52-A143-C0C9B0F5168A}.Debug|x64.ActiveCfg = Debug|Any CPU
		{21B84D89-834F-4F52-A143-C0C9B0F5168A}.Debug|x64.Build.0 = Debug|Any CPU
		{21B84D89-834F-4F52-A143-C0C9B0F5168A}.Debug|x86.ActiveCfg = Debug|Any CPU
		{21B84D89-834F-4F52-A143-C0C9B0F5168A}.Debug|x86.Build.0 = Debug|Any CPU
		{21B84D89-834F-4F52-A143-C0C9B0F5168A}.Release|Any CPU.ActiveCfg = Release|Any CPU
		{21B84D89-834F-4F52-A143-C0C9B0F5168A}.Release|Any CPU.Build.0 = Release|Any CPU
		{21B84D89-834F-4F52-A143-C0C9B0F5168A}.Release|x64.ActiveCfg = Release|Any CPU
		{21B84D89-834F-4F52-A143-C0C9B0F5168A}.Release|x64.Build.0 = Release|Any CPU
		{21B84D89-834F-4F52-A143-C0C9B0F5168A}.Release|x86.ActiveCfg = Release|Any CPU
		{21B84D89-834F-4F52-A143-C0C9B0F5168A}.Release|x86.Build.0 = Release|Any CPU
	EndGlobalSection
EndGlobal
