
Microsoft Visual Studio Solution File, Format Version 12.00
# Visual Studio Version 17
VisualStudioVersion = 17.0.31903.59
MinimumVisualStudioVersion = 10.0.40219.1
Project("{FAE04EC0-301F-11D3-BF4B-00C04F79EFBC}") = "LeetCode.Problem0733", "LeetCode.Problem0733\LeetCode.Problem0733.csproj", "{E63DAAA1-A3A5-461C-8E40-7D3122D1112F}"
EndProject
Project("{FAE04EC0-301F-11D3-BF4B-00C04F79EFBC}") = "LeetCode.Problem0225", "LeetCode.Problem0225\LeetCode.Problem0225.csproj", "{554553D8-BE6D-41B5-9ED6-4471F5E88F9D}"
EndProject
Project("{FAE04EC0-301F-11D3-BF4B-00C04F79EFBC}") = "LeetCode.Problem0232", "LeetCode.Problem0232\LeetCode.Problem0232.csproj", "{61BE4C87-43FF-4179-91B5-F3640824E602}"
EndProject
Project("{FAE04EC0-301F-11D3-BF4B-00C04F79EFBC}") = "LeetCode.Problem0744", "LeetCode.Problem0744\LeetCode.Problem0744.csproj", "{21B84D89-834F-4F52-A143-C0C9B0F5168A}"
EndProject
Project("{FAE04EC0-301F-11D3-BF4B-00C04F79EFBC}") = "LeetCode.Problem0367", "LeetCode.Problem0367\LeetCode.Problem0367.csproj", "{C5C62A19-529D-46E0-8963-0886CE926B8E}"
EndProject
Project("{FAE04EC0-301F-11D3-BF4B-00C04F79EFBC}") = "LeetCode.Problem0270", "LeetCode.Problem0270\LeetCode.Problem0270.csproj", "{0FEEC11D-9A10-436D-B792-361696E4C647}"
EndProject
Project("{FAE04EC0-301F-11D3-BF4B-00C04F79EFBC}") = "LeetCode.Problem0929", "LeetCode.Problem0929\LeetCode.Problem0929.csproj", "{92A01B86-EDA3-460F-A371-A6FBDE07F947}"
EndProject
Project("{FAE04EC0-301F-11D3-BF4B-00C04F79EFBC}") = "LeetCode.Problem0482", "LeetCode.Problem0482\LeetCode.Problem0482.csproj", "{74A72588-6410-4E43-9B0D-0F3C1FD5466E}"
EndProject
Project("{FAE04EC0-301F-11D3-BF4B-00C04F79EFBC}") = "LeetCode.Problem0844", "LeetCode.Problem0844\LeetCode.Problem0844.csproj", "{939875B0-55CB-4719-937E-8AB849BC6FD9}"
EndProject
Project("{FAE04EC0-301F-11D3-BF4B-00C04F79EFBC}") = "LeetCode.Problem0389", "LeetCode.Problem0389\LeetCode.Problem0389.csproj", "{B83429B1-5FFF-4459-AA10-09C73135F87E}"
EndProject
Project("{FAE04EC0-301F-11D3-BF4B-00C04F79EFBC}") = "LeetCode.Problem0459", "LeetCode.Problem0459\LeetCode.Problem0459.csproj", "{35AF0C52-BEA4-4704-AC35-6FC835A2F5B3}"
EndProject
Project("{FAE04EC0-301F-11D3-BF4B-00C04F79EFBC}") = "LeetCode.Problem1822", "LeetCode.Problem1822\LeetCode.Problem1822.csproj", "{91950281-0435-4107-84AC-93A48B0AE999}"
EndProject
Project("{FAE04EC0-301F-11D3-BF4B-00C04F79EFBC}") = "LeetCode.Problem1502", "LeetCode.Problem1502\LeetCode.Problem1502.csproj", "{EACE4384-2DA2-4556-8457-4932C77A2280}"
EndProject
Project("{FAE04EC0-301F-11D3-BF4B-00C04F79EFBC}") = "LeetCode.Problem0045", "LeetCode.Problem0045\LeetCode.Problem0045.csproj", "{BFDE88A3-7D59-4D2D-946D-963316529EE6}"
EndProject
Project("{FAE04EC0-301F-11D3-BF4B-00C04F79EFBC}") = "LeetCode.Problem0896", "LeetCode.Problem0896\LeetCode.Problem0896.csproj", "{6E6087BC-A616-4713-93B5-6AF0A9714BAE}"
EndProject
Project("{FAE04EC0-301F-11D3-BF4B-00C04F79EFBC}") = "LeetCode.Problem0709", "LeetCode.Problem0709\LeetCode.Problem0709.csproj", "{16E8A10C-DAC9-4AB8-8763-BBB695E921FC}"
EndProject
Project("{FAE04EC0-301F-11D3-BF4B-00C04F79EFBC}") = "LeetCode.Problem0682", "LeetCode.Problem0682\LeetCode.Problem0682.csproj", "{64AB4A15-5B8C-4D75-A306-4715AF589BE9}"
EndProject
Project("{FAE04EC0-301F-11D3-BF4B-00C04F79EFBC}") = "LeetCode.Problem0657", "LeetCode.Problem0657\LeetCode.Problem0657.csproj", "{1AF8C51A-2F97-4A59-A728-663841733082}"
EndProject
Project("{FAE04EC0-301F-11D3-BF4B-00C04F79EFBC}") = "LeetCode.Problem1275", "LeetCode.Problem1275\LeetCode.Problem1275.csproj", "{8DAEEC71-D132-4301-8C19-0BAE5FD70D1A}"
EndProject
Project("{FAE04EC0-301F-11D3-BF4B-00C04F79EFBC}") = "LeetCode.Problem1572", "LeetCode.Problem1572\LeetCode.Problem1572.csproj", "{722A1F6D-8C98-4300-807E-5559D4BA7282}"
EndProject
Project("{FAE04EC0-301F-11D3-BF4B-00C04F79EFBC}") = "LeetCode.Problem1523", "LeetCode.Problem1523\LeetCode.Problem1523.csproj", "{C067C884-976B-41F5-8167-F711895AEF6B}"
EndProject
Project("{FAE04EC0-301F-11D3-BF4B-00C04F79EFBC}") = "LeetCode.Problem1491", "LeetCode.Problem1491\LeetCode.Problem1491.csproj", "{25E904E1-13E4-430A-A04F-AF62EBB4CFFB}"
EndProject
Project("{FAE04EC0-301F-11D3-BF4B-00C04F79EFBC}") = "LeetCode.Problem0976", "LeetCode.Problem0976\LeetCode.Problem0976.csproj", "{53B57CD8-92A0-4533-AAFE-38CE04476CBF}"
EndProject
Project("{FAE04EC0-301F-11D3-BF4B-00C04F79EFBC}") = "LeetCode.Problem1232", "LeetCode.Problem1232\LeetCode.Problem1232.csproj", "{22D6545B-8AC4-4CBE-B8C0-D62B5E7EF202}"
EndProject
Project("{FAE04EC0-301F-11D3-BF4B-00C04F79EFBC}") = "LeetCode.Problem1603", "LeetCode.Problem1603\LeetCode.Problem1603.csproj", "{FE835299-5EA5-4F1D-AC2C-B73A8E317DCC}"
EndProject
Project("{FAE04EC0-301F-11D3-BF4B-00C04F79EFBC}") = "LeetCode.Problem0859", "LeetCode.Problem0859\LeetCode.Problem0859.csproj", "{787A875B-82D4-453E-8160-EBDA56497AAC}"
EndProject
Project("{FAE04EC0-301F-11D3-BF4B-00C04F79EFBC}") = "LeetCode.Problem0422", "LeetCode.Problem0422\LeetCode.Problem0422.csproj", "{33C8992F-5FC5-4CC2-A8E3-5F1C253EAD81}"
EndProject
Project("{FAE04EC0-301F-11D3-BF4B-00C04F79EFBC}") = "LeetCode.Problem0997", "LeetCode.Problem0997\LeetCode.Problem0997.csproj", "{DB01CC10-C839-419A-8340-AF8F3B70AA0B}"
EndProject
Global
	GlobalSection(SolutionProperties) = preSolution
		HideSolutionNode = FALSE
	EndGlobalSection
	GlobalSection(SolutionConfigurationPlatforms) = preSolution
		Debug|Any CPU = Debug|Any CPU
		Debug|x64 = Debug|x64
		Debug|x86 = Debug|x86
		Release|Any CPU = Release|Any CPU
		Release|x64 = Release|x64
		Release|x86 = Release|x86
	EndGlobalSection
	GlobalSection(ProjectConfigurationPlatforms) = postSolution
		{E63DAAA1-A3A5-461C-8E40-7D3122D1112F}.Debug|Any CPU.ActiveCfg = Debug|Any CPU
		{E63DAAA1-A3A5-461C-8E40-7D3122D1112F}.Debug|Any CPU.Build.0 = Debug|Any CPU
		{E63DAAA1-A3A5-461C-8E40-7D3122D1112F}.Debug|x64.ActiveCfg = Debug|Any CPU
		{E63DAAA1-A3A5-461C-8E40-7D3122D1112F}.Debug|x64.Build.0 = Debug|Any CPU
		{E63DAAA1-A3A5-461C-8E40-7D3122D1112F}.Debug|x86.ActiveCfg = Debug|Any CPU
		{E63DAAA1-A3A5-461C-8E40-7D3122D1112F}.Debug|x86.Build.0 = Debug|Any CPU
		{E63DAAA1-A3A5-461C-8E40-7D3122D1112F}.Release|Any CPU.ActiveCfg = Release|Any CPU
		{E63DAAA1-A3A5-461C-8E40-7D3122D1112F}.Release|Any CPU.Build.0 = Release|Any CPU
		{E63DAAA1-A3A5-461C-8E40-7D3122D1112F}.Release|x64.ActiveCfg = Release|Any CPU
		{E63DAAA1-A3A5-461C-8E40-7D3122D1112F}.Release|x64.Build.0 = Release|Any CPU
		{E63DAAA1-A3A5-461C-8E40-7D3122D1112F}.Release|x86.ActiveCfg = Release|Any CPU
		{E63DAAA1-A3A5-461C-8E40-7D3122D1112F}.Release|x86.Build.0 = Release|Any CPU
		{554553D8-BE6D-41B5-9ED6-4471F5E88F9D}.Debug|Any CPU.ActiveCfg = Debug|Any CPU
		{554553D8-BE6D-41B5-9ED6-4471F5E88F9D}.Debug|Any CPU.Build.0 = Debug|Any CPU
		{554553D8-BE6D-41B5-9ED6-4471F5E88F9D}.Debug|x64.ActiveCfg = Debug|Any CPU
		{554553D8-BE6D-41B5-9ED6-4471F5E88F9D}.Debug|x64.Build.0 = Debug|Any CPU
		{554553D8-BE6D-41B5-9ED6-4471F5E88F9D}.Debug|x86.ActiveCfg = Debug|Any CPU
		{554553D8-BE6D-41B5-9ED6-4471F5E88F9D}.Debug|x86.Build.0 = Debug|Any CPU
		{554553D8-BE6D-41B5-9ED6-4471F5E88F9D}.Release|Any CPU.ActiveCfg = Release|Any CPU
		{554553D8-BE6D-41B5-9ED6-4471F5E88F9D}.Release|Any CPU.Build.0 = Release|Any CPU
		{554553D8-BE6D-41B5-9ED6-4471F5E88F9D}.Release|x64.ActiveCfg = Release|Any CPU
		{554553D8-BE6D-41B5-9ED6-4471F5E88F9D}.Release|x64.Build.0 = Release|Any CPU
		{554553D8-BE6D-41B5-9ED6-4471F5E88F9D}.Release|x86.ActiveCfg = Release|Any CPU
		{554553D8-BE6D-41B5-9ED6-4471F5E88F9D}.Release|x86.Build.0 = Release|Any CPU
		{61BE4C87-43FF-4179-91B5-F3640824E602}.Debug|Any CPU.ActiveCfg = Debug|Any CPU
		{61BE4C87-43FF-4179-91B5-F3640824E602}.Debug|Any CPU.Build.0 = Debug|Any CPU
		{61BE4C87-43FF-4179-91B5-F3640824E602}.Debug|x64.ActiveCfg = Debug|Any CPU
		{61BE4C87-43FF-4179-91B5-F3640824E602}.Debug|x64.Build.0 = Debug|Any CPU
		{61BE4C87-43FF-4179-91B5-F3640824E602}.Debug|x86.ActiveCfg = Debug|Any CPU
		{61BE4C87-43FF-4179-91B5-F3640824E602}.Debug|x86.Build.0 = Debug|Any CPU
		{61BE4C87-43FF-4179-91B5-F3640824E602}.Release|Any CPU.ActiveCfg = Release|Any CPU
		{61BE4C87-43FF-4179-91B5-F3640824E602}.Release|Any CPU.Build.0 = Release|Any CPU
		{61BE4C87-43FF-4179-91B5-F3640824E602}.Release|x64.ActiveCfg = Release|Any CPU
		{61BE4C87-43FF-4179-91B5-F3640824E602}.Release|x64.Build.0 = Release|Any CPU
		{61BE4C87-43FF-4179-91B5-F3640824E602}.Release|x86.ActiveCfg = Release|Any CPU
		{61BE4C87-43FF-4179-91B5-F3640824E602}.Release|x86.Build.0 = Release|Any CPU
		{21B84D89-834F-4F52-A143-C0C9B0F5168A}.Debug|Any CPU.ActiveCfg = Debug|Any CPU
		{21B84D89-834F-4F52-A143-C0C9B0F5168A}.Debug|Any CPU.Build.0 = Debug|Any CPU
		{21B84D89-834F-4F52-A143-C0C9B0F5168A}.Debug|x64.ActiveCfg = Debug|Any CPU
		{21B84D89-834F-4F52-A143-C0C9B0F5168A}.Debug|x64.Build.0 = Debug|Any CPU
		{21B84D89-834F-4F52-A143-C0C9B0F5168A}.Debug|x86.ActiveCfg = Debug|Any CPU
		{21B84D89-834F-4F52-A143-C0C9B0F5168A}.Debug|x86.Build.0 = Debug|Any CPU
		{21B84D89-834F-4F52-A143-C0C9B0F5168A}.Release|Any CPU.ActiveCfg = Release|Any CPU
		{21B84D89-834F-4F52-A143-C0C9B0F5168A}.Release|Any CPU.Build.0 = Release|Any CPU
		{21B84D89-834F-4F52-A143-C0C9B0F5168A}.Release|x64.ActiveCfg = Release|Any CPU
		{21B84D89-834F-4F52-A143-C0C9B0F5168A}.Release|x64.Build.0 = Release|Any CPU
		{21B84D89-834F-4F52-A143-C0C9B0F5168A}.Release|x86.ActiveCfg = Release|Any CPU
		{21B84D89-834F-4F52-A143-C0C9B0F5168A}.Release|x86.Build.0 = Release|Any CPU
		{C5C62A19-529D-46E0-8963-0886CE926B8E}.Debug|Any CPU.ActiveCfg = Debug|Any CPU
		{C5C62A19-529D-46E0-8963-0886CE926B8E}.Debug|Any CPU.Build.0 = Debug|Any CPU
		{C5C62A19-529D-46E0-8963-0886CE926B8E}.Debug|x64.ActiveCfg = Debug|Any CPU
		{C5C62A19-529D-46E0-8963-0886CE926B8E}.Debug|x64.Build.0 = Debug|Any CPU
		{C5C62A19-529D-46E0-8963-0886CE926B8E}.Debug|x86.ActiveCfg = Debug|Any CPU
		{C5C62A19-529D-46E0-8963-0886CE926B8E}.Debug|x86.Build.0 = Debug|Any CPU
		{C5C62A19-529D-46E0-8963-0886CE926B8E}.Release|Any CPU.ActiveCfg = Release|Any CPU
		{C5C62A19-529D-46E0-8963-0886CE926B8E}.Release|Any CPU.Build.0 = Release|Any CPU
		{C5C62A19-529D-46E0-8963-0886CE926B8E}.Release|x64.ActiveCfg = Release|Any CPU
		{C5C62A19-529D-46E0-8963-0886CE926B8E}.Release|x64.Build.0 = Release|Any CPU
		{C5C62A19-529D-46E0-8963-0886CE926B8E}.Release|x86.ActiveCfg = Release|Any CPU
		{C5C62A19-529D-46E0-8963-0886CE926B8E}.Release|x86.Build.0 = Release|Any CPU
		{0FEEC11D-9A10-436D-B792-361696E4C647}.Debug|Any CPU.ActiveCfg = Debug|Any CPU
		{0FEEC11D-9A10-436D-B792-361696E4C647}.Debug|Any CPU.Build.0 = Debug|Any CPU
		{0FEEC11D-9A10-436D-B792-361696E4C647}.Debug|x64.ActiveCfg = Debug|Any CPU
		{0FEEC11D-9A10-436D-B792-361696E4C647}.Debug|x64.Build.0 = Debug|Any CPU
		{0FEEC11D-9A10-436D-B792-361696E4C647}.Debug|x86.ActiveCfg = Debug|Any CPU
		{0FEEC11D-9A10-436D-B792-361696E4C647}.Debug|x86.Build.0 = Debug|Any CPU
		{0FEEC11D-9A10-436D-B792-361696E4C647}.Release|Any CPU.ActiveCfg = Release|Any CPU
		{0FEEC11D-9A10-436D-B792-361696E4C647}.Release|Any CPU.Build.0 = Release|Any CPU
		{0FEEC11D-9A10-436D-B792-361696E4C647}.Release|x64.ActiveCfg = Release|Any CPU
		{0FEEC11D-9A10-436D-B792-361696E4C647}.Release|x64.Build.0 = Release|Any CPU
		{0FEEC11D-9A10-436D-B792-361696E4C647}.Release|x86.ActiveCfg = Release|Any CPU
		{0FEEC11D-9A10-436D-B792-361696E4C647}.Release|x86.Build.0 = Release|Any CPU
		{92A01B86-EDA3-460F-A371-A6FBDE07F947}.Debug|Any CPU.ActiveCfg = Debug|Any CPU
		{92A01B86-EDA3-460F-A371-A6FBDE07F947}.Debug|Any CPU.Build.0 = Debug|Any CPU
		{92A01B86-EDA3-460F-A371-A6FBDE07F947}.Debug|x64.ActiveCfg = Debug|Any CPU
		{92A01B86-EDA3-460F-A371-A6FBDE07F947}.Debug|x64.Build.0 = Debug|Any CPU
		{92A01B86-EDA3-460F-A371-A6FBDE07F947}.Debug|x86.ActiveCfg = Debug|Any CPU
		{92A01B86-EDA3-460F-A371-A6FBDE07F947}.Debug|x86.Build.0 = Debug|Any CPU
		{92A01B86-EDA3-460F-A371-A6FBDE07F947}.Release|Any CPU.ActiveCfg = Release|Any CPU
		{92A01B86-EDA3-460F-A371-A6FBDE07F947}.Release|Any CPU.Build.0 = Release|Any CPU
		{92A01B86-EDA3-460F-A371-A6FBDE07F947}.Release|x64.ActiveCfg = Release|Any CPU
		{92A01B86-EDA3-460F-A371-A6FBDE07F947}.Release|x64.Build.0 = Release|Any CPU
		{92A01B86-EDA3-460F-A371-A6FBDE07F947}.Release|x86.ActiveCfg = Release|Any CPU
		{92A01B86-EDA3-460F-A371-A6FBDE07F947}.Release|x86.Build.0 = Release|Any CPU
		{74A72588-6410-4E43-9B0D-0F3C1FD5466E}.Debug|Any CPU.ActiveCfg = Debug|Any CPU
		{74A72588-6410-4E43-9B0D-0F3C1FD5466E}.Debug|Any CPU.Build.0 = Debug|Any CPU
		{74A72588-6410-4E43-9B0D-0F3C1FD5466E}.Debug|x64.ActiveCfg = Debug|Any CPU
		{74A72588-6410-4E43-9B0D-0F3C1FD5466E}.Debug|x64.Build.0 = Debug|Any CPU
		{74A72588-6410-4E43-9B0D-0F3C1FD5466E}.Debug|x86.ActiveCfg = Debug|Any CPU
		{74A72588-6410-4E43-9B0D-0F3C1FD5466E}.Debug|x86.Build.0 = Debug|Any CPU
		{74A72588-6410-4E43-9B0D-0F3C1FD5466E}.Release|Any CPU.ActiveCfg = Release|Any CPU
		{74A72588-6410-4E43-9B0D-0F3C1FD5466E}.Release|Any CPU.Build.0 = Release|Any CPU
		{74A72588-6410-4E43-9B0D-0F3C1FD5466E}.Release|x64.ActiveCfg = Release|Any CPU
		{74A72588-6410-4E43-9B0D-0F3C1FD5466E}.Release|x64.Build.0 = Release|Any CPU
		{74A72588-6410-4E43-9B0D-0F3C1FD5466E}.Release|x86.ActiveCfg = Release|Any CPU
		{74A72588-6410-4E43-9B0D-0F3C1FD5466E}.Release|x86.Build.0 = Release|Any CPU
		{939875B0-55CB-4719-937E-8AB849BC6FD9}.Debug|Any CPU.ActiveCfg = Debug|Any CPU
		{939875B0-55CB-4719-937E-8AB849BC6FD9}.Debug|Any CPU.Build.0 = Debug|Any CPU
		{939875B0-55CB-4719-937E-8AB849BC6FD9}.Debug|x64.ActiveCfg = Debug|Any CPU
		{939875B0-55CB-4719-937E-8AB849BC6FD9}.Debug|x64.Build.0 = Debug|Any CPU
		{939875B0-55CB-4719-937E-8AB849BC6FD9}.Debug|x86.ActiveCfg = Debug|Any CPU
		{939875B0-55CB-4719-937E-8AB849BC6FD9}.Debug|x86.Build.0 = Debug|Any CPU
		{939875B0-55CB-4719-937E-8AB849BC6FD9}.Release|Any CPU.ActiveCfg = Release|Any CPU
		{939875B0-55CB-4719-937E-8AB849BC6FD9}.Release|Any CPU.Build.0 = Release|Any CPU
		{939875B0-55CB-4719-937E-8AB849BC6FD9}.Release|x64.ActiveCfg = Release|Any CPU
		{939875B0-55CB-4719-937E-8AB849BC6FD9}.Release|x64.Build.0 = Release|Any CPU
		{939875B0-55CB-4719-937E-8AB849BC6FD9}.Release|x86.ActiveCfg = Release|Any CPU
		{939875B0-55CB-4719-937E-8AB849BC6FD9}.Release|x86.Build.0 = Release|Any CPU
		{B83429B1-5FFF-4459-AA10-09C73135F87E}.Debug|Any CPU.ActiveCfg = Debug|Any CPU
		{B83429B1-5FFF-4459-AA10-09C73135F87E}.Debug|Any CPU.Build.0 = Debug|Any CPU
		{B83429B1-5FFF-4459-AA10-09C73135F87E}.Debug|x64.ActiveCfg = Debug|Any CPU
		{B83429B1-5FFF-4459-AA10-09C73135F87E}.Debug|x64.Build.0 = Debug|Any CPU
		{B83429B1-5FFF-4459-AA10-09C73135F87E}.Debug|x86.ActiveCfg = Debug|Any CPU
		{B83429B1-5FFF-4459-AA10-09C73135F87E}.Debug|x86.Build.0 = Debug|Any CPU
		{B83429B1-5FFF-4459-AA10-09C73135F87E}.Release|Any CPU.ActiveCfg = Release|Any CPU
		{B83429B1-5FFF-4459-AA10-09C73135F87E}.Release|Any CPU.Build.0 = Release|Any CPU
		{B83429B1-5FFF-4459-AA10-09C73135F87E}.Release|x64.ActiveCfg = Release|Any CPU
		{B83429B1-5FFF-4459-AA10-09C73135F87E}.Release|x64.Build.0 = Release|Any CPU
		{B83429B1-5FFF-4459-AA10-09C73135F87E}.Release|x86.ActiveCfg = Release|Any CPU
		{B83429B1-5FFF-4459-AA10-09C73135F87E}.Release|x86.Build.0 = Release|Any CPU
		{35AF0C52-BEA4-4704-AC35-6FC835A2F5B3}.Debug|Any CPU.ActiveCfg = Debug|Any CPU
		{35AF0C52-BEA4-4704-AC35-6FC835A2F5B3}.Debug|Any CPU.Build.0 = Debug|Any CPU
		{35AF0C52-BEA4-4704-AC35-6FC835A2F5B3}.Debug|x64.ActiveCfg = Debug|Any CPU
		{35AF0C52-BEA4-4704-AC35-6FC835A2F5B3}.Debug|x64.Build.0 = Debug|Any CPU
		{35AF0C52-BEA4-4704-AC35-6FC835A2F5B3}.Debug|x86.ActiveCfg = Debug|Any CPU
		{35AF0C52-BEA4-4704-AC35-6FC835A2F5B3}.Debug|x86.Build.0 = Debug|Any CPU
		{35AF0C52-BEA4-4704-AC35-6FC835A2F5B3}.Release|Any CPU.ActiveCfg = Release|Any CPU
		{35AF0C52-BEA4-4704-AC35-6FC835A2F5B3}.Release|Any CPU.Build.0 = Release|Any CPU
		{35AF0C52-BEA4-4704-AC35-6FC835A2F5B3}.Release|x64.ActiveCfg = Release|Any CPU
		{35AF0C52-BEA4-4704-AC35-6FC835A2F5B3}.Release|x64.Build.0 = Release|Any CPU
		{35AF0C52-BEA4-4704-AC35-6FC835A2F5B3}.Release|x86.ActiveCfg = Release|Any CPU
		{35AF0C52-BEA4-4704-AC35-6FC835A2F5B3}.Release|x86.Build.0 = Release|Any CPU
		{91950281-0435-4107-84AC-93A48B0AE999}.Debug|Any CPU.ActiveCfg = Debug|Any CPU
		{91950281-0435-4107-84AC-93A48B0AE999}.Debug|Any CPU.Build.0 = Debug|Any CPU
		{91950281-0435-4107-84AC-93A48B0AE999}.Debug|x64.ActiveCfg = Debug|Any CPU
		{91950281-0435-4107-84AC-93A48B0AE999}.Debug|x64.Build.0 = Debug|Any CPU
		{91950281-0435-4107-84AC-93A48B0AE999}.Debug|x86.ActiveCfg = Debug|Any CPU
		{91950281-0435-4107-84AC-93A48B0AE999}.Debug|x86.Build.0 = Debug|Any CPU
		{91950281-0435-4107-84AC-93A48B0AE999}.Release|Any CPU.ActiveCfg = Release|Any CPU
		{91950281-0435-4107-84AC-93A48B0AE999}.Release|Any CPU.Build.0 = Release|Any CPU
		{91950281-0435-4107-84AC-93A48B0AE999}.Release|x64.ActiveCfg = Release|Any CPU
		{91950281-0435-4107-84AC-93A48B0AE999}.Release|x64.Build.0 = Release|Any CPU
		{91950281-0435-4107-84AC-93A48B0AE999}.Release|x86.ActiveCfg = Release|Any CPU
		{91950281-0435-4107-84AC-93A48B0AE999}.Release|x86.Build.0 = Release|Any CPU
		{EACE4384-2DA2-4556-8457-4932C77A2280}.Debug|Any CPU.ActiveCfg = Debug|Any CPU
		{EACE4384-2DA2-4556-8457-4932C77A2280}.Debug|Any CPU.Build.0 = Debug|Any CPU
		{EACE4384-2DA2-4556-8457-4932C77A2280}.Debug|x64.ActiveCfg = Debug|Any CPU
		{EACE4384-2DA2-4556-8457-4932C77A2280}.Debug|x64.Build.0 = Debug|Any CPU
		{EACE4384-2DA2-4556-8457-4932C77A2280}.Debug|x86.ActiveCfg = Debug|Any CPU
		{EACE4384-2DA2-4556-8457-4932C77A2280}.Debug|x86.Build.0 = Debug|Any CPU
		{EACE4384-2DA2-4556-8457-4932C77A2280}.Release|Any CPU.ActiveCfg = Release|Any CPU
		{EACE4384-2DA2-4556-8457-4932C77A2280}.Release|Any CPU.Build.0 = Release|Any CPU
		{EACE4384-2DA2-4556-8457-4932C77A2280}.Release|x64.ActiveCfg = Release|Any CPU
		{EACE4384-2DA2-4556-8457-4932C77A2280}.Release|x64.Build.0 = Release|Any CPU
		{EACE4384-2DA2-4556-8457-4932C77A2280}.Release|x86.ActiveCfg = Release|Any CPU
		{EACE4384-2DA2-4556-8457-4932C77A2280}.Release|x86.Build.0 = Release|Any CPU
		{BFDE88A3-7D59-4D2D-946D-963316529EE6}.Debug|Any CPU.ActiveCfg = Debug|Any CPU
		{BFDE88A3-7D59-4D2D-946D-963316529EE6}.Debug|Any CPU.Build.0 = Debug|Any CPU
		{BFDE88A3-7D59-4D2D-946D-963316529EE6}.Debug|x64.ActiveCfg = Debug|Any CPU
		{BFDE88A3-7D59-4D2D-946D-963316529EE6}.Debug|x64.Build.0 = Debug|Any CPU
		{BFDE88A3-7D59-4D2D-946D-963316529EE6}.Debug|x86.ActiveCfg = Debug|Any CPU
		{BFDE88A3-7D59-4D2D-946D-963316529EE6}.Debug|x86.Build.0 = Debug|Any CPU
		{BFDE88A3-7D59-4D2D-946D-963316529EE6}.Release|Any CPU.ActiveCfg = Release|Any CPU
		{BFDE88A3-7D59-4D2D-946D-963316529EE6}.Release|Any CPU.Build.0 = Release|Any CPU
		{BFDE88A3-7D59-4D2D-946D-963316529EE6}.Release|x64.ActiveCfg = Release|Any CPU
		{BFDE88A3-7D59-4D2D-946D-963316529EE6}.Release|x64.Build.0 = Release|Any CPU
		{BFDE88A3-7D59-4D2D-946D-963316529EE6}.Release|x86.ActiveCfg = Release|Any CPU
		{BFDE88A3-7D59-4D2D-946D-963316529EE6}.Release|x86.Build.0 = Release|Any CPU
		{6E6087BC-A616-4713-93B5-6AF0A9714BAE}.Debug|Any CPU.ActiveCfg = Debug|Any CPU
		{6E6087BC-A616-4713-93B5-6AF0A9714BAE}.Debug|Any CPU.Build.0 = Debug|Any CPU
		{6E6087BC-A616-4713-93B5-6AF0A9714BAE}.Debug|x64.ActiveCfg = Debug|Any CPU
		{6E6087BC-A616-4713-93B5-6AF0A9714BAE}.Debug|x64.Build.0 = Debug|Any CPU
		{6E6087BC-A616-4713-93B5-6AF0A9714BAE}.Debug|x86.ActiveCfg = Debug|Any CPU
		{6E6087BC-A616-4713-93B5-6AF0A9714BAE}.Debug|x86.Build.0 = Debug|Any CPU
		{6E6087BC-A616-4713-93B5-6AF0A9714BAE}.Release|Any CPU.ActiveCfg = Release|Any CPU
		{6E6087BC-A616-4713-93B5-6AF0A9714BAE}.Release|Any CPU.Build.0 = Release|Any CPU
		{6E6087BC-A616-4713-93B5-6AF0A9714BAE}.Release|x64.ActiveCfg = Release|Any CPU
		{6E6087BC-A616-4713-93B5-6AF0A9714BAE}.Release|x64.Build.0 = Release|Any CPU
		{6E6087BC-A616-4713-93B5-6AF0A9714BAE}.Release|x86.ActiveCfg = Release|Any CPU
		{6E6087BC-A616-4713-93B5-6AF0A9714BAE}.Release|x86.Build.0 = Release|Any CPU
		{16E8A10C-DAC9-4AB8-8763-BBB695E921FC}.Debug|Any CPU.ActiveCfg = Debug|Any CPU
		{16E8A10C-DAC9-4AB8-8763-BBB695E921FC}.Debug|Any CPU.Build.0 = Debug|Any CPU
		{16E8A10C-DAC9-4AB8-8763-BBB695E921FC}.Debug|x64.ActiveCfg = Debug|Any CPU
		{16E8A10C-DAC9-4AB8-8763-BBB695E921FC}.Debug|x64.Build.0 = Debug|Any CPU
		{16E8A10C-DAC9-4AB8-8763-BBB695E921FC}.Debug|x86.ActiveCfg = Debug|Any CPU
		{16E8A10C-DAC9-4AB8-8763-BBB695E921FC}.Debug|x86.Build.0 = Debug|Any CPU
		{16E8A10C-DAC9-4AB8-8763-BBB695E921FC}.Release|Any CPU.ActiveCfg = Release|Any CPU
		{16E8A10C-DAC9-4AB8-8763-BBB695E921FC}.Release|Any CPU.Build.0 = Release|Any CPU
		{16E8A10C-DAC9-4AB8-8763-BBB695E921FC}.Release|x64.ActiveCfg = Release|Any CPU
		{16E8A10C-DAC9-4AB8-8763-BBB695E921FC}.Release|x64.Build.0 = Release|Any CPU
		{16E8A10C-DAC9-4AB8-8763-BBB695E921FC}.Release|x86.ActiveCfg = Release|Any CPU
		{16E8A10C-DAC9-4AB8-8763-BBB695E921FC}.Release|x86.Build.0 = Release|Any CPU
		{64AB4A15-5B8C-4D75-A306-4715AF589BE9}.Debug|Any CPU.ActiveCfg = Debug|Any CPU
		{64AB4A15-5B8C-4D75-A306-4715AF589BE9}.Debug|Any CPU.Build.0 = Debug|Any CPU
		{64AB4A15-5B8C-4D75-A306-4715AF589BE9}.Debug|x64.ActiveCfg = Debug|Any CPU
		{64AB4A15-5B8C-4D75-A306-4715AF589BE9}.Debug|x64.Build.0 = Debug|Any CPU
		{64AB4A15-5B8C-4D75-A306-4715AF589BE9}.Debug|x86.ActiveCfg = Debug|Any CPU
		{64AB4A15-5B8C-4D75-A306-4715AF589BE9}.Debug|x86.Build.0 = Debug|Any CPU
		{64AB4A15-5B8C-4D75-A306-4715AF589BE9}.Release|Any CPU.ActiveCfg = Release|Any CPU
		{64AB4A15-5B8C-4D75-A306-4715AF589BE9}.Release|Any CPU.Build.0 = Release|Any CPU
		{64AB4A15-5B8C-4D75-A306-4715AF589BE9}.Release|x64.ActiveCfg = Release|Any CPU
		{64AB4A15-5B8C-4D75-A306-4715AF589BE9}.Release|x64.Build.0 = Release|Any CPU
		{64AB4A15-5B8C-4D75-A306-4715AF589BE9}.Release|x86.ActiveCfg = Release|Any CPU
		{64AB4A15-5B8C-4D75-A306-4715AF589BE9}.Release|x86.Build.0 = Release|Any CPU
		{1AF8C51A-2F97-4A59-A728-663841733082}.Debug|Any CPU.ActiveCfg = Debug|Any CPU
		{1AF8C51A-2F97-4A59-A728-663841733082}.Debug|Any CPU.Build.0 = Debug|Any CPU
		{1AF8C51A-2F97-4A59-A728-663841733082}.Debug|x64.ActiveCfg = Debug|Any CPU
		{1AF8C51A-2F97-4A59-A728-663841733082}.Debug|x64.Build.0 = Debug|Any CPU
		{1AF8C51A-2F97-4A59-A728-663841733082}.Debug|x86.ActiveCfg = Debug|Any CPU
		{1AF8C51A-2F97-4A59-A728-663841733082}.Debug|x86.Build.0 = Debug|Any CPU
		{1AF8C51A-2F97-4A59-A728-663841733082}.Release|Any CPU.ActiveCfg = Release|Any CPU
		{1AF8C51A-2F97-4A59-A728-663841733082}.Release|Any CPU.Build.0 = Release|Any CPU
		{1AF8C51A-2F97-4A59-A728-663841733082}.Release|x64.ActiveCfg = Release|Any CPU
		{1AF8C51A-2F97-4A59-A728-663841733082}.Release|x64.Build.0 = Release|Any CPU
		{1AF8C51A-2F97-4A59-A728-663841733082}.Release|x86.ActiveCfg = Release|Any CPU
		{1AF8C51A-2F97-4A59-A728-663841733082}.Release|x86.Build.0 = Release|Any CPU
		{8DAEEC71-D132-4301-8C19-0BAE5FD70D1A}.Debug|Any CPU.ActiveCfg = Debug|Any CPU
		{8DAEEC71-D132-4301-8C19-0BAE5FD70D1A}.Debug|Any CPU.Build.0 = Debug|Any CPU
		{8DAEEC71-D132-4301-8C19-0BAE5FD70D1A}.Debug|x64.ActiveCfg = Debug|Any CPU
		{8DAEEC71-D132-4301-8C19-0BAE5FD70D1A}.Debug|x64.Build.0 = Debug|Any CPU
		{8DAEEC71-D132-4301-8C19-0BAE5FD70D1A}.Debug|x86.ActiveCfg = Debug|Any CPU
		{8DAEEC71-D132-4301-8C19-0BAE5FD70D1A}.Debug|x86.Build.0 = Debug|Any CPU
		{8DAEEC71-D132-4301-8C19-0BAE5FD70D1A}.Release|Any CPU.ActiveCfg = Release|Any CPU
		{8DAEEC71-D132-4301-8C19-0BAE5FD70D1A}.Release|Any CPU.Build.0 = Release|Any CPU
		{8DAEEC71-D132-4301-8C19-0BAE5FD70D1A}.Release|x64.ActiveCfg = Release|Any CPU
		{8DAEEC71-D132-4301-8C19-0BAE5FD70D1A}.Release|x64.Build.0 = Release|Any CPU
		{8DAEEC71-D132-4301-8C19-0BAE5FD70D1A}.Release|x86.ActiveCfg = Release|Any CPU
		{8DAEEC71-D132-4301-8C19-0BAE5FD70D1A}.Release|x86.Build.0 = Release|Any CPU
		{722A1F6D-8C98-4300-807E-5559D4BA7282}.Debug|Any CPU.ActiveCfg = Debug|Any CPU
		{722A1F6D-8C98-4300-807E-5559D4BA7282}.Debug|Any CPU.Build.0 = Debug|Any CPU
		{722A1F6D-8C98-4300-807E-5559D4BA7282}.Debug|x64.ActiveCfg = Debug|Any CPU
		{722A1F6D-8C98-4300-807E-5559D4BA7282}.Debug|x64.Build.0 = Debug|Any CPU
		{722A1F6D-8C98-4300-807E-5559D4BA7282}.Debug|x86.ActiveCfg = Debug|Any CPU
		{722A1F6D-8C98-4300-807E-5559D4BA7282}.Debug|x86.Build.0 = Debug|Any CPU
		{722A1F6D-8C98-4300-807E-5559D4BA7282}.Release|Any CPU.ActiveCfg = Release|Any CPU
		{722A1F6D-8C98-4300-807E-5559D4BA7282}.Release|Any CPU.Build.0 = Release|Any CPU
		{722A1F6D-8C98-4300-807E-5559D4BA7282}.Release|x64.ActiveCfg = Release|Any CPU
		{722A1F6D-8C98-4300-807E-5559D4BA7282}.Release|x64.Build.0 = Release|Any CPU
		{722A1F6D-8C98-4300-807E-5559D4BA7282}.Release|x86.ActiveCfg = Release|Any CPU
		{722A1F6D-8C98-4300-807E-5559D4BA7282}.Release|x86.Build.0 = Release|Any CPU
		{C067C884-976B-41F5-8167-F711895AEF6B}.Debug|Any CPU.ActiveCfg = Debug|Any CPU
		{C067C884-976B-41F5-8167-F711895AEF6B}.Debug|Any CPU.Build.0 = Debug|Any CPU
		{C067C884-976B-41F5-8167-F711895AEF6B}.Debug|x64.ActiveCfg = Debug|Any CPU
		{C067C884-976B-41F5-8167-F711895AEF6B}.Debug|x64.Build.0 = Debug|Any CPU
		{C067C884-976B-41F5-8167-F711895AEF6B}.Debug|x86.ActiveCfg = Debug|Any CPU
		{C067C884-976B-41F5-8167-F711895AEF6B}.Debug|x86.Build.0 = Debug|Any CPU
		{C067C884-976B-41F5-8167-F711895AEF6B}.Release|Any CPU.ActiveCfg = Release|Any CPU
		{C067C884-976B-41F5-8167-F711895AEF6B}.Release|Any CPU.Build.0 = Release|Any CPU
		{C067C884-976B-41F5-8167-F711895AEF6B}.Release|x64.ActiveCfg = Release|Any CPU
		{C067C884-976B-41F5-8167-F711895AEF6B}.Release|x64.Build.0 = Release|Any CPU
		{C067C884-976B-41F5-8167-F711895AEF6B}.Release|x86.ActiveCfg = Release|Any CPU
		{C067C884-976B-41F5-8167-F711895AEF6B}.Release|x86.Build.0 = Release|Any CPU
		{25E904E1-13E4-430A-A04F-AF62EBB4CFFB}.Debug|Any CPU.ActiveCfg = Debug|Any CPU
		{25E904E1-13E4-430A-A04F-AF62EBB4CFFB}.Debug|Any CPU.Build.0 = Debug|Any CPU
		{25E904E1-13E4-430A-A04F-AF62EBB4CFFB}.Debug|x64.ActiveCfg = Debug|Any CPU
		{25E904E1-13E4-430A-A04F-AF62EBB4CFFB}.Debug|x64.Build.0 = Debug|Any CPU
		{25E904E1-13E4-430A-A04F-AF62EBB4CFFB}.Debug|x86.ActiveCfg = Debug|Any CPU
		{25E904E1-13E4-430A-A04F-AF62EBB4CFFB}.Debug|x86.Build.0 = Debug|Any CPU
		{25E904E1-13E4-430A-A04F-AF62EBB4CFFB}.Release|Any CPU.ActiveCfg = Release|Any CPU
		{25E904E1-13E4-430A-A04F-AF62EBB4CFFB}.Release|Any CPU.Build.0 = Release|Any CPU
		{25E904E1-13E4-430A-A04F-AF62EBB4CFFB}.Release|x64.ActiveCfg = Release|Any CPU
		{25E904E1-13E4-430A-A04F-AF62EBB4CFFB}.Release|x64.Build.0 = Release|Any CPU
		{25E904E1-13E4-430A-A04F-AF62EBB4CFFB}.Release|x86.ActiveCfg = Release|Any CPU
		{25E904E1-13E4-430A-A04F-AF62EBB4CFFB}.Release|x86.Build.0 = Release|Any CPU
		{53B57CD8-92A0-4533-AAFE-38CE04476CBF}.Debug|Any CPU.ActiveCfg = Debug|Any CPU
		{53B57CD8-92A0-4533-AAFE-38CE04476CBF}.Debug|Any CPU.Build.0 = Debug|Any CPU
		{53B57CD8-92A0-4533-AAFE-38CE04476CBF}.Debug|x64.ActiveCfg = Debug|Any CPU
		{53B57CD8-92A0-4533-AAFE-38CE04476CBF}.Debug|x64.Build.0 = Debug|Any CPU
		{53B57CD8-92A0-4533-AAFE-38CE04476CBF}.Debug|x86.ActiveCfg = Debug|Any CPU
		{53B57CD8-92A0-4533-AAFE-38CE04476CBF}.Debug|x86.Build.0 = Debug|Any CPU
		{53B57CD8-92A0-4533-AAFE-38CE04476CBF}.Release|Any CPU.ActiveCfg = Release|Any CPU
		{53B57CD8-92A0-4533-AAFE-38CE04476CBF}.Release|Any CPU.Build.0 = Release|Any CPU
		{53B57CD8-92A0-4533-AAFE-38CE04476CBF}.Release|x64.ActiveCfg = Release|Any CPU
		{53B57CD8-92A0-4533-AAFE-38CE04476CBF}.Release|x64.Build.0 = Release|Any CPU
		{53B57CD8-92A0-4533-AAFE-38CE04476CBF}.Release|x86.ActiveCfg = Release|Any CPU
		{53B57CD8-92A0-4533-AAFE-38CE04476CBF}.Release|x86.Build.0 = Release|Any CPU
		{22D6545B-8AC4-4CBE-B8C0-D62B5E7EF202}.Debug|Any CPU.ActiveCfg = Debug|Any CPU
		{22D6545B-8AC4-4CBE-B8C0-D62B5E7EF202}.Debug|Any CPU.Build.0 = Debug|Any CPU
		{22D6545B-8AC4-4CBE-B8C0-D62B5E7EF202}.Debug|x64.ActiveCfg = Debug|Any CPU
		{22D6545B-8AC4-4CBE-B8C0-D62B5E7EF202}.Debug|x64.Build.0 = Debug|Any CPU
		{22D6545B-8AC4-4CBE-B8C0-D62B5E7EF202}.Debug|x86.ActiveCfg = Debug|Any CPU
		{22D6545B-8AC4-4CBE-B8C0-D62B5E7EF202}.Debug|x86.Build.0 = Debug|Any CPU
		{22D6545B-8AC4-4CBE-B8C0-D62B5E7EF202}.Release|Any CPU.ActiveCfg = Release|Any CPU
		{22D6545B-8AC4-4CBE-B8C0-D62B5E7EF202}.Release|Any CPU.Build.0 = Release|Any CPU
		{22D6545B-8AC4-4CBE-B8C0-D62B5E7EF202}.Release|x64.ActiveCfg = Release|Any CPU
		{22D6545B-8AC4-4CBE-B8C0-D62B5E7EF202}.Release|x64.Build.0 = Release|Any CPU
		{22D6545B-8AC4-4CBE-B8C0-D62B5E7EF202}.Release|x86.ActiveCfg = Release|Any CPU
		{22D6545B-8AC4-4CBE-B8C0-D62B5E7EF202}.Release|x86.Build.0 = Release|Any CPU
		{FE835299-5EA5-4F1D-AC2C-B73A8E317DCC}.Debug|Any CPU.ActiveCfg = Debug|Any CPU
		{FE835299-5EA5-4F1D-AC2C-B73A8E317DCC}.Debug|Any CPU.Build.0 = Debug|Any CPU
		{FE835299-5EA5-4F1D-AC2C-B73A8E317DCC}.Debug|x64.ActiveCfg = Debug|Any CPU
		{FE835299-5EA5-4F1D-AC2C-B73A8E317DCC}.Debug|x64.Build.0 = Debug|Any CPU
		{FE835299-5EA5-4F1D-AC2C-B73A8E317DCC}.Debug|x86.ActiveCfg = Debug|Any CPU
		{FE835299-5EA5-4F1D-AC2C-B73A8E317DCC}.Debug|x86.Build.0 = Debug|Any CPU
		{FE835299-5EA5-4F1D-AC2C-B73A8E317DCC}.Release|Any CPU.ActiveCfg = Release|Any CPU
		{FE835299-5EA5-4F1D-AC2C-B73A8E317DCC}.Release|Any CPU.Build.0 = Release|Any CPU
		{FE835299-5EA5-4F1D-AC2C-B73A8E317DCC}.Release|x64.ActiveCfg = Release|Any CPU
		{FE835299-5EA5-4F1D-AC2C-B73A8E317DCC}.Release|x64.Build.0 = Release|Any CPU
		{FE835299-5EA5-4F1D-AC2C-B73A8E317DCC}.Release|x86.ActiveCfg = Release|Any CPU
		{FE835299-5EA5-4F1D-AC2C-B73A8E317DCC}.Release|x86.Build.0 = Release|Any CPU
		{787A875B-82D4-453E-8160-EBDA56497AAC}.Debug|Any CPU.ActiveCfg = Debug|Any CPU
		{787A875B-82D4-453E-8160-EBDA56497AAC}.Debug|Any CPU.Build.0 = Debug|Any CPU
		{787A875B-82D4-453E-8160-EBDA56497AAC}.Debug|x64.ActiveCfg = Debug|Any CPU
		{787A875B-82D4-453E-8160-EBDA56497AAC}.Debug|x64.Build.0 = Debug|Any CPU
		{787A875B-82D4-453E-8160-EBDA56497AAC}.Debug|x86.ActiveCfg = Debug|Any CPU
		{787A875B-82D4-453E-8160-EBDA56497AAC}.Debug|x86.Build.0 = Debug|Any CPU
		{787A875B-82D4-453E-8160-EBDA56497AAC}.Release|Any CPU.ActiveCfg = Release|Any CPU
		{787A875B-82D4-453E-8160-EBDA56497AAC}.Release|Any CPU.Build.0 = Release|Any CPU
		{787A875B-82D4-453E-8160-EBDA56497AAC}.Release|x64.ActiveCfg = Release|Any CPU
		{787A875B-82D4-453E-8160-EBDA56497AAC}.Release|x64.Build.0 = Release|Any CPU
		{787A875B-82D4-453E-8160-EBDA56497AAC}.Release|x86.ActiveCfg = Release|Any CPU
		{787A875B-82D4-453E-8160-EBDA56497AAC}.Release|x86.Build.0 = Release|Any CPU
		{33C8992F-5FC5-4CC2-A8E3-5F1C253EAD81}.Debug|Any CPU.ActiveCfg = Debug|Any CPU
		{33C8992F-5FC5-4CC2-A8E3-5F1C253EAD81}.Debug|Any CPU.Build.0 = Debug|Any CPU
		{33C8992F-5FC5-4CC2-A8E3-5F1C253EAD81}.Debug|x64.ActiveCfg = Debug|Any CPU
		{33C8992F-5FC5-4CC2-A8E3-5F1C253EAD81}.Debug|x64.Build.0 = Debug|Any CPU
		{33C8992F-5FC5-4CC2-A8E3-5F1C253EAD81}.Debug|x86.ActiveCfg = Debug|Any CPU
		{33C8992F-5FC5-4CC2-A8E3-5F1C253EAD81}.Debug|x86.Build.0 = Debug|Any CPU
		{33C8992F-5FC5-4CC2-A8E3-5F1C253EAD81}.Release|Any CPU.ActiveCfg = Release|Any CPU
		{33C8992F-5FC5-4CC2-A8E3-5F1C253EAD81}.Release|Any CPU.Build.0 = Release|Any CPU
		{33C8992F-5FC5-4CC2-A8E3-5F1C253EAD81}.Release|x64.ActiveCfg = Release|Any CPU
		{33C8992F-5FC5-4CC2-A8E3-5F1C253EAD81}.Release|x64.Build.0 = Release|Any CPU
		{33C8992F-5FC5-4CC2-A8E3-5F1C253EAD81}.Release|x86.ActiveCfg = Release|Any CPU
		{33C8992F-5FC5-4CC2-A8E3-5F1C253EAD81}.Release|x86.Build.0 = Release|Any CPU
		{DB01CC10-C839-419A-8340-AF8F3B70AA0B}.Debug|Any CPU.ActiveCfg = Debug|Any CPU
		{DB01CC10-C839-419A-8340-AF8F3B70AA0B}.Debug|Any CPU.Build.0 = Debug|Any CPU
		{DB01CC10-C839-419A-8340-AF8F3B70AA0B}.Debug|x64.ActiveCfg = Debug|Any CPU
		{DB01CC10-C839-419A-8340-AF8F3B70AA0B}.Debug|x64.Build.0 = Debug|Any CPU
		{DB01CC10-C839-419A-8340-AF8F3B70AA0B}.Debug|x86.ActiveCfg = Debug|Any CPU
		{DB01CC10-C839-419A-8340-AF8F3B70AA0B}.Debug|x86.Build.0 = Debug|Any CPU
		{DB01CC10-C839-419A-8340-AF8F3B70AA0B}.Release|Any CPU.ActiveCfg = Release|Any CPU
		{DB01CC10-C839-419A-8340-AF8F3B70AA0B}.Release|Any CPU.Build.0 = Release|Any CPU
		{DB01CC10-C839-419A-8340-AF8F3B70AA0B}.Release|x64.ActiveCfg = Release|Any CPU
		{DB01CC10-C839-419A-8340-AF8F3B70AA0B}.Release|x64.Build.0 = Release|Any CPU
		{DB01CC10-C839-419A-8340-AF8F3B70AA0B}.Release|x86.ActiveCfg = Release|Any CPU
		{DB01CC10-C839-419A-8340-AF8F3B70AA0B}.Release|x86.Build.0 = Release|Any CPU
	EndGlobalSection
EndGlobal
